{
  "name": "mcp-trustcard",
  "version": "3.0.0",
  "lockfileVersion": 3,
  "requires": true,
  "packages": {
    "": {
      "name": "mcp-trustcard",
      "version": "3.0.0",
      "license": "MIT",
      "bin": {
        "mcp-http-proxy": "bin/mcp-http-proxy.js",
        "mcp-proxy": "bin/mcp-proxy.js",
        "mcp-trustcard": "bin/mcp-trustcard.js"
      },
      "engines": {
        "node": ">=18"
      }
    }
  }
}
